#
# This file is autogenerated by pip-compile with Python 3.10
# by the following command:
#
#    pip-compile --extra=dev --output-file=requirements-dev.lock pyproject.toml
#
absl-py==2.4.0
    # via mujoco
annotated-doc==0.0.4
    # via fastapi
annotated-types==0.7.0
    # via pydantic
anyio==4.12.1
    # via
    #   httpx
    #   starlette
    #   watchfiles
build==1.4.0
    # via upstream-drift (pyproject.toml)
certifi==2026.1.4
    # via
    #   httpcore
    #   httpx
click==8.3.1
    # via uvicorn
etils[epath,epy]==1.13.0
    # via mujoco
exceptiongroup==1.3.1
    # via
    #   anyio
    #   pytest
fastapi==0.128.0
    # via upstream-drift (pyproject.toml)
fsspec==2026.1.0
    # via etils
glfw==2.10.0
    # via mujoco
h11==0.16.0
    # via
    #   httpcore
    #   uvicorn
httpcore==1.0.9
    # via httpx
httptools==0.7.1
    # via uvicorn
httpx==0.28.1
    # via upstream-drift (pyproject.toml)
idna==3.11
    # via
    #   anyio
    #   httpx
importlib-resources==6.5.2
    # via etils
iniconfig==2.3.0
    # via pytest
librt==0.7.8
    # via mypy
mujoco==3.4.0
    # via upstream-drift (pyproject.toml)
mypy==1.19.1
    # via upstream-drift (pyproject.toml)
mypy-extensions==1.1.0
    # via mypy
numpy==2.2.6
    # via
    #   mujoco
    #   scipy
    #   upstream-drift (pyproject.toml)
packaging==26.0
    # via
    #   build
    #   pytest
pathspec==1.0.4
    # via mypy
pluggy==1.6.0
    # via pytest
pydantic==2.12.5
    # via
    #   fastapi
    #   upstream-drift (pyproject.toml)
pydantic-core==2.41.5
    # via pydantic
pygments==2.19.2
    # via pytest
pyopengl==3.1.10
    # via mujoco
pyproject-hooks==1.2.0
    # via build
pytest==9.0.2
    # via upstream-drift (pyproject.toml)
python-dotenv==1.2.1
    # via uvicorn
pyyaml==6.0.3
    # via uvicorn
ruff==0.14.14
    # via upstream-drift (pyproject.toml)
scipy==1.15.3
    # via upstream-drift (pyproject.toml)
starlette==0.50.0
    # via fastapi
tomli==2.4.0
    # via
    #   build
    #   mypy
    #   pytest
typing-extensions==4.15.0
    # via
    #   anyio
    #   etils
    #   exceptiongroup
    #   fastapi
    #   mypy
    #   pydantic
    #   pydantic-core
    #   starlette
    #   typing-inspection
    #   uvicorn
typing-inspection==0.4.2
    # via pydantic
uvicorn[standard]==0.40.0
    # via upstream-drift (pyproject.toml)
uvloop==0.22.1
    # via uvicorn
watchfiles==1.1.1
    # via uvicorn
websockets==16.0
    # via uvicorn
zipp==3.23.0
    # via etils
