#
# This file is autogenerated by pip-compile with Python 3.10
# by the following command:
#
#    pip-compile --output-file=requirements.lock pyproject.toml
#
absl-py==2.4.0
    # via mujoco
annotated-doc==0.0.4
    # via fastapi
annotated-types==0.7.0
    # via pydantic
anyio==4.12.1
    # via
    #   httpx
    #   starlette
    #   watchfiles
certifi==2026.1.4
    # via
    #   httpcore
    #   httpx
defusedxml==0.7.1
    # via issue #2808 runtime lock
click==8.3.1
    # via uvicorn
etils[epath,epy]==1.13.0
    # via mujoco
exceptiongroup==1.3.1
    # via anyio
fastapi==0.128.0
    # via upstream-drift (pyproject.toml)
fsspec==2026.1.0
    # via etils
glfw==2.10.0
    # via mujoco
h11==0.16.0
    # via
    #   httpcore
    #   uvicorn
httpcore==1.0.9
    # via httpx
httptools==0.7.1
    # via uvicorn
httpx==0.28.1
    # via upstream-drift (pyproject.toml)
idna==3.11
    # via
    #   anyio
    #   httpx
importlib-resources==6.5.2
    # via etils
mujoco==3.4.0
    # via upstream-drift (pyproject.toml)
matplotlib==3.10.8
    # via issue #2808 runtime lock
numpy==1.26.4
    # via
    #   mujoco
    #   scipy
    #   upstream-drift (pyproject.toml)
pandas==3.0.2
    # via issue #2808 runtime lock
pydantic==2.12.5
    # via
    #   fastapi
    #   upstream-drift (pyproject.toml)
pydantic-core==2.41.5
    # via pydantic
pyopengl==3.1.10
    # via mujoco
python-dotenv==1.2.2
    # via uvicorn
pyyaml==6.0.2
    # via uvicorn
scipy==1.13.1
    # via upstream-drift (pyproject.toml)
simpleeval==1.0.5
    # via upstream-drift (pyproject.toml)
sympy==1.14.0
    # via issue #2808 runtime lock
starlette==0.50.0
    # via fastapi
typing-extensions==4.15.0
    # via
    #   anyio
    #   etils
    #   exceptiongroup
    #   fastapi
    #   pydantic
    #   pydantic-core
    #   starlette
    #   typing-inspection
    #   uvicorn
typing-inspection==0.4.2
    # via pydantic
uvicorn[standard]==0.40.0
    # via upstream-drift (pyproject.toml)
uvloop==0.22.1
    # via uvicorn
watchfiles==1.1.1
    # via uvicorn
websockets==16.0
    # via uvicorn
zipp==3.23.0
    # via etils
