#
# This file is autogenerated by pip-compile with Python 3.13
# by the following command:
#
#    pip-compile --output-file=requirements.lock pyproject.toml
#
absl-py==2.3.1
    # via mujoco
contourpy==1.3.3
    # via matplotlib
cycler==0.12.1
    # via matplotlib
defusedxml==0.7.1
    # via golf-modeling-suite (pyproject.toml)
etils[epath,epy]==1.13.0
    # via mujoco
fonttools==4.61.1
    # via matplotlib
fsspec==2025.12.0
    # via etils
glfw==2.10.0
    # via mujoco
importlib-resources==6.5.2
    # via etils
kiwisolver==1.4.9
    # via matplotlib
matplotlib==3.10.8
    # via golf-modeling-suite (pyproject.toml)
mpmath==1.3.0
    # via sympy
mujoco==3.4.0
    # via golf-modeling-suite (pyproject.toml)
numpy==1.26.4
    # via
    #   contourpy
    #   golf-modeling-suite (pyproject.toml)
    #   matplotlib
    #   mujoco
    #   pandas
    #   scipy
packaging==25.0
    # via matplotlib
pandas==2.3.3
    # via golf-modeling-suite (pyproject.toml)
pillow==12.1.0
    # via matplotlib
pyopengl==3.1.10
    # via mujoco
pyparsing==3.3.1
    # via matplotlib
pyqt6==6.10.1
    # via golf-modeling-suite (pyproject.toml)
pyqt6-qt6==6.10.1
    # via pyqt6
pyqt6-sip==13.10.3
    # via pyqt6
python-dateutil==2.9.0.post0
    # via
    #   matplotlib
    #   pandas
pytz==2025.2
    # via pandas
pyyaml==6.0.3
    # via golf-modeling-suite (pyproject.toml)
scipy==1.16.3
    # via golf-modeling-suite (pyproject.toml)
six==1.17.0
    # via python-dateutil
sympy==1.14.0
    # via golf-modeling-suite (pyproject.toml)
typing-extensions==4.15.0
    # via etils
tzdata==2025.3
    # via pandas
zipp==3.23.0
    # via etils
